{
  "originHash" : "b8f713fc84878628fc0a2eaa78331606d7eef53af0ec00eb6399db6577a9ae42",
  "pins" : [
    {
      "identity" : "rive-ios",
      "kind" : "remoteSourceControl",
      "location" : "https://github.com/rive-app/rive-ios",
      "state" : {
        "revision" : "211a486001bf543597a368d1cb0bc0fa060621b8",
        "version" : "6.3.7"
      }
    },
    {
      "identity" : "settingsicongenerator",
      "kind" : "remoteSourceControl",
      "location" : "https://github.com/sparrowcode/SettingsIconGenerator",
      "state" : {
        "revision" : "d2070ad86ae7834151f43418eaa57f05380d5aac",
        "version" : "1.0.2"
      }
    }
  ],
  "version" : 3
}
