{
  "originHash" : "59eb4e9d91fd06ec226d1ef34121e84a9d91febb31dbe0fc811ae0e80d76f0a1",
  "pins" : [
    {
      "identity" : "rive-ios",
      "kind" : "remoteSourceControl",
      "location" : "https://github.com/rive-app/rive-ios",
      "state" : {
        "revision" : "211a486001bf543597a368d1cb0bc0fa060621b8",
        "version" : "6.3.7"
      }
    },
    {
      "identity" : "settingsicongenerator",
      "kind" : "remoteSourceControl",
      "location" : "https://github.com/sparrowcode/SettingsIconGenerator",
      "state" : {
        "revision" : "d2070ad86ae7834151f43418eaa57f05380d5aac",
        "version" : "1.0.2"
      }
    },
    {
      "identity" : "swiftygif",
      "kind" : "remoteSourceControl",
      "location" : "https://github.com/kirualex/SwiftyGif",
      "state" : {
        "revision" : "4430cbc148baa3907651d40562d96325426f409a",
        "version" : "5.4.5"
      }
    }
  ],
  "version" : 3
}
